
Microsoft Visual Studio Solution File, Format Version 12.00
# Visual Studio 14
VisualStudioVersion = 14.0.25123.0
MinimumVisualStudioVersion = 10.0.40219.1
Project("{FAE04EC0-301F-11D3-BF4B-00C04F79EFBC}") = "RazorEngineCms", "RazorEngineCms\RazorEngineCms.csproj", "{A258A6E9-16B8-4E95-AA8A-B1A16ADF414A}"
EndProject
Project("{FAE04EC0-301F-11D3-BF4B-00C04F79EFBC}") = "RazorEngineCMSTests", "RazorEngineCMSTests\RazorEngineCMSTests.csproj", "{59D25ED2-420C-4107-A72F-33EB0511B003}"
EndProject
Global
	GlobalSection(SolutionConfigurationPlatforms) = preSolution
		Debug|Any CPU = Debug|Any CPU
		Release|Any CPU = Release|Any CPU
	EndGlobalSection
	GlobalSection(ProjectConfigurationPlatforms) = postSolution
		{A258A6E9-16B8-4E95-AA8A-B1A16ADF414A}.Debug|Any CPU.ActiveCfg = Debug|Any CPU
		{A258A6E9-16B8-4E95-AA8A-B1A16ADF414A}.Debug|Any CPU.Build.0 = Debug|Any CPU
		{A258A6E9-16B8-4E95-AA8A-B1A16ADF414A}.Release|Any CPU.ActiveCfg = Release|Any CPU
		{A258A6E9-16B8-4E95-AA8A-B1A16ADF414A}.Release|Any CPU.Build.0 = Release|Any CPU
		{59D25ED2-420C-4107-A72F-33EB0511B003}.Debug|Any CPU.ActiveCfg = Debug|Any CPU
		{59D25ED2-420C-4107-A72F-33EB0511B003}.Debug|Any CPU.Build.0 = Debug|Any CPU
		{59D25ED2-420C-4107-A72F-33EB0511B003}.Release|Any CPU.ActiveCfg = Release|Any CPU
		{59D25ED2-420C-4107-A72F-33EB0511B003}.Release|Any CPU.Build.0 = Release|Any CPU
	EndGlobalSection
	GlobalSection(SolutionProperties) = preSolution
		HideSolutionNode = FALSE
	EndGlobalSection
EndGlobal
